
Microsoft Visual Studio Solution File, Format Version 12.00
# Visual Studio Version 17
VisualStudioVersion = 17.9.34728.123
MinimumVisualStudioVersion = 10.0.40219.1
Project("{FAE04EC0-301F-11D3-BF4B-00C04F79EFBC}") = "Assignment2", "Assignment2\Assignment2.csproj", "{29DEE6C7-2E5E-48E8-BD35-11CF5F521EDE}"
EndProject
Global
	GlobalSection(SolutionConfigurationPlatforms) = preSolution
		Debug|Any CPU = Debug|Any CPU
		Release|Any CPU = Release|Any CPU
	EndGlobalSection
	GlobalSection(ProjectConfigurationPlatforms) = postSolution
		{29DEE6C7-2E5E-48E8-BD35-11CF5F521EDE}.Debug|Any CPU.ActiveCfg = Debug|Any CPU
		{29DEE6C7-2E5E-48E8-BD35-11CF5F521EDE}.Debug|Any CPU.Build.0 = Debug|Any CPU
		{29DEE6C7-2E5E-48E8-BD35-11CF5F521EDE}.Release|Any CPU.ActiveCfg = Release|Any CPU
		{29DEE6C7-2E5E-48E8-BD35-11CF5F521EDE}.Release|Any CPU.Build.0 = Release|Any CPU
	EndGlobalSection
	GlobalSection(SolutionProperties) = preSolution
		HideSolutionNode = FALSE
	EndGlobalSection
	GlobalSection(ExtensibilityGlobals) = postSolution
		SolutionGuid = {8B5A717A-4110-42F7-8629-13D9D354D0CB}
	EndGlobalSection
EndGlobal
